<?xml version="1.0" encoding="utf-8"?>
<Project ToolsVersion="4.0" xmlns="http://schemas.microsoft.com/developer/msbuild/2003">
  <ItemGroup>
    <Filter Include="Resource Files">
      <UniqueIdentifier>{67DA6AB6-F800-4c08-8B7A-83BB121AAD01}</UniqueIdentifier>
      <Extensions>rc;ico;cur;bmp;dlg;rc2;rct;bin;rgs;gif;jpg;jpeg;jpe;resx;tiff;tif;png;wav</Extensions>
    </Filter>
    <Filter Include="User Files">
      <UniqueIdentifier>{4FC737F1-C7A5-4376-A066-2A32D752A2FF}</UniqueIdentifier>
      <Extensions>cpp;c;cc;cxx;def;odl;idl;hpj;bat;asm;asmx</Extensions>
    </Filter>
    <Filter Include="User Files\user">
      <UniqueIdentifier>{76809bbe-fa27-4eef-ae00-452241302363}</UniqueIdentifier>
    </Filter>
    <Filter Include="Include Files">
      <UniqueIdentifier>{32b50cc6-2ca2-497d-9ee4-5966d7849956}</UniqueIdentifier>
    </Filter>
    <Filter Include="cinder_cocoslike">
      <UniqueIdentifier>{de95e492-ff37-4270-9078-5ea8fbd7e1ce}</UniqueIdentifier>
    </Filter>
    <Filter Include="cinder_cocoslike\action">
      <UniqueIdentifier>{5f179436-cdd8-4a63-b571-30f432030359}</UniqueIdentifier>
    </Filter>
    <Filter Include="cinder_cocoslike\audio">
      <UniqueIdentifier>{acd0cc52-f671-4683-ab6b-8c3ca7e1c3d0}</UniqueIdentifier>
    </Filter>
    <Filter Include="cinder_cocoslike\library">
      <UniqueIdentifier>{61b70dc1-c886-4d09-8b06-18a7d1753ebd}</UniqueIdentifier>
    </Filter>
    <Filter Include="cinder_cocoslike\network">
      <UniqueIdentifier>{0e1e775e-1362-4cac-8c35-4452c260c202}</UniqueIdentifier>
    </Filter>
    <Filter Include="cinder_cocoslike\renderer">
      <UniqueIdentifier>{b4f3b65f-b02c-4fec-8be5-bfa8b8a9a578}</UniqueIdentifier>
    </Filter>
    <Filter Include="cinder_cocoslike\utility">
      <UniqueIdentifier>{ca124a1c-3294-4595-850c-26f6b81b56fa}</UniqueIdentifier>
    </Filter>
    <Filter Include="cinder_cocoslike\library\font">
      <UniqueIdentifier>{a91d5c88-b730-48fd-bb10-fc2b0d4af237}</UniqueIdentifier>
    </Filter>
  </ItemGroup>
  <ItemGroup>
    <ClCompile Include="..\src\main.cpp">
      <Filter>User Files</Filter>
    </ClCompile>
    <ClInclude Include="..\src\user\game.h">
      <Filter>User Files\user</Filter>
    </ClInclude>
    <ClInclude Include="..\src\user\field.h">
      <Filter>User Files\user</Filter>
    </ClInclude>
    <ClInclude Include="..\src\user\controller.h">
      <Filter>User Files\user</Filter>
    </ClInclude>
    <ClInclude Include="..\src\user\feed.h">
      <Filter>User Files\user</Filter>
    </ClInclude>
    <ClInclude Include="..\src\user\ground.h">
      <Filter>User Files\user</Filter>
    </ClInclude>
    <ClInclude Include="..\src\user\feed_manager.h">
      <Filter>User Files\user</Filter>
    </ClInclude>
    <ClInclude Include="..\src\user\player.h">
      <Filter>User Files\user</Filter>
    </ClInclude>
    <ClInclude Include="..\src\user\player_manager.h">
      <Filter>User Files\user</Filter>
    </ClInclude>
    <ClInclude Include="..\src\user\captured_object.h">
      <Filter>User Files\user</Filter>
    </ClInclude>
    <ClInclude Include="..\src\user\meeting_room.h">
      <Filter>User Files\user</Filter>
    </ClInclude>
    <ClInclude Include="..\src\user\player_manager_host.h">
      <Filter>User Files\user</Filter>
    </ClInclude>
    <ClInclude Include="..\src\user\player_manager_client.h">
      <Filter>User Files\user</Filter>
    </ClInclude>
    <ClInclude Include="..\src\user\title.h">
      <Filter>User Files\user</Filter>
    </ClInclude>
    <ClInclude Include="..\src\user\button_scale.h">
      <Filter>User Files\user</Filter>
    </ClInclude>
    <ClInclude Include="..\src\user\gacha.h">
      <Filter>User Files\user</Filter>
    </ClInclude>
    <ClInclude Include="..\src\user\create_dot_obeject.h">
      <Filter>User Files\user</Filter>
    </ClInclude>
    <ClInclude Include="..\src\user\skin.h">
      <Filter>User Files\user</Filter>
    </ClInclude>
    <ClInclude Include="..\src\user\config.h">
      <Filter>User Files\user</Filter>
    </ClInclude>
    <ClInclude Include="..\src\user\dot_label.h">
      <Filter>User Files\user</Filter>
    </ClInclude>
    <ClInclude Include="..\src\user\dot_sprite.h">
      <Filter>User Files\user</Filter>
    </ClInclude>
    <ClInclude Include="..\src\user\search_room.h">
      <Filter>User Files\user</Filter>
    </ClInclude>
    <ClCompile Include="..\cinder_cocoslike\action\action.cpp">
      <Filter>cinder_cocoslike\action</Filter>
    </ClCompile>
    <ClCompile Include="..\cinder_cocoslike\action\action_manager.cpp">
      <Filter>cinder_cocoslike\action</Filter>
    </ClCompile>
    <ClCompile Include="..\cinder_cocoslike\action\call_func.cpp">
      <Filter>cinder_cocoslike\action</Filter>
    </ClCompile>
    <ClCompile Include="..\cinder_cocoslike\action\delay.cpp">
      <Filter>cinder_cocoslike\action</Filter>
    </ClCompile>
    <ClCompile Include="..\cinder_cocoslike\action\fade_in.cpp">
      <Filter>cinder_cocoslike\action</Filter>
    </ClCompile>
    <ClCompile Include="..\cinder_cocoslike\action\fade_out.cpp">
      <Filter>cinder_cocoslike\action</Filter>
    </ClCompile>
    <ClCompile Include="..\cinder_cocoslike\action\finite_time_action.cpp">
      <Filter>cinder_cocoslike\action</Filter>
    </ClCompile>
    <ClCompile Include="..\cinder_cocoslike\action\float_to.cpp">
      <Filter>cinder_cocoslike\action</Filter>
    </ClCompile>
    <ClCompile Include="..\cinder_cocoslike\action\move_by.cpp">
      <Filter>cinder_cocoslike\action</Filter>
    </ClCompile>
    <ClCompile Include="..\cinder_cocoslike\action\move_to.cpp">
      <Filter>cinder_cocoslike\action</Filter>
    </ClCompile>
    <ClCompile Include="..\cinder_cocoslike\action\move_to_target.cpp">
      <Filter>cinder_cocoslike\action</Filter>
    </ClCompile>
    <ClCompile Include="..\cinder_cocoslike\action\remove_self.cpp">
      <Filter>cinder_cocoslike\action</Filter>
    </ClCompile>
    <ClCompile Include="..\cinder_cocoslike\action\repeat_forever.cpp">
      <Filter>cinder_cocoslike\action</Filter>
    </ClCompile>
    <ClCompile Include="..\cinder_cocoslike\action\repeat_times.cpp">
      <Filter>cinder_cocoslike\action</Filter>
    </ClCompile>
    <ClCompile Include="..\cinder_cocoslike\action\rotate_by.cpp">
      <Filter>cinder_cocoslike\action</Filter>
    </ClCompile>
    <ClCompile Include="..\cinder_cocoslike\action\rotate_to.cpp">
      <Filter>cinder_cocoslike\action</Filter>
    </ClCompile>
    <ClCompile Include="..\cinder_cocoslike\action\scale_by.cpp">
      <Filter>cinder_cocoslike\action</Filter>
    </ClCompile>
    <ClCompile Include="..\cinder_cocoslike\action\scale_to.cpp">
      <Filter>cinder_cocoslike\action</Filter>
    </ClCompile>
    <ClCompile Include="..\cinder_cocoslike\action\sequence.cpp">
      <Filter>cinder_cocoslike\action</Filter>
    </ClCompile>
    <ClCompile Include="..\cinder_cocoslike\action\spawn.cpp">
      <Filter>cinder_cocoslike\action</Filter>
    </ClCompile>
    <ClCompile Include="..\cinder_cocoslike\action\timeline.cpp">
      <Filter>cinder_cocoslike\action</Filter>
    </ClCompile>
    <ClCompile Include="..\cinder_cocoslike\network\client_handle.cpp">
      <Filter>cinder_cocoslike\network</Filter>
    </ClCompile>
    <ClCompile Include="..\cinder_cocoslike\network\network_factory.cpp">
      <Filter>cinder_cocoslike\network</Filter>
    </ClCompile>
    <ClCompile Include="..\cinder_cocoslike\network\network_object.cpp">
      <Filter>cinder_cocoslike\network</Filter>
    </ClCompile>
    <ClCompile Include="..\cinder_cocoslike\network\tcp_client.cpp">
      <Filter>cinder_cocoslike\network</Filter>
    </ClCompile>
    <ClCompile Include="..\cinder_cocoslike\network\tcp_server.cpp">
      <Filter>cinder_cocoslike\network</Filter>
    </ClCompile>
    <ClCompile Include="..\cinder_cocoslike\network\udp_connection.cpp">
      <Filter>cinder_cocoslike\network</Filter>
    </ClCompile>
    <ClCompile Include="..\cinder_cocoslike\network\udp_connection_member.cpp">
      <Filter>cinder_cocoslike\network</Filter>
    </ClCompile>
    <ClCompile Include="..\cinder_cocoslike\network\use_destroy_object.cpp">
      <Filter>cinder_cocoslike\network</Filter>
    </ClCompile>
    <ClCompile Include="..\cinder_cocoslike\renderer\button.cpp">
      <Filter>cinder_cocoslike\renderer</Filter>
    </ClCompile>
    <ClCompile Include="..\cinder_cocoslike\renderer\circle.cpp">
      <Filter>cinder_cocoslike\renderer</Filter>
    </ClCompile>
    <ClCompile Include="..\cinder_cocoslike\renderer\font\font.cpp">
      <Filter>cinder_cocoslike\renderer</Filter>
    </ClCompile>
    <ClCompile Include="..\cinder_cocoslike\renderer\label.cpp">
      <Filter>cinder_cocoslike\renderer</Filter>
    </ClCompile>
    <ClCompile Include="..\cinder_cocoslike\renderer\letter.cpp">
      <Filter>cinder_cocoslike\renderer</Filter>
    </ClCompile>
    <ClCompile Include="..\cinder_cocoslike\renderer\rect.cpp">
      <Filter>cinder_cocoslike\renderer</Filter>
    </ClCompile>
    <ClCompile Include="..\cinder_cocoslike\renderer\rect_edge.cpp">
      <Filter>cinder_cocoslike\renderer</Filter>
    </ClCompile>
    <ClCompile Include="..\cinder_cocoslike\renderer\sprite.cpp">
      <Filter>cinder_cocoslike\renderer</Filter>
    </ClCompile>
    <ClCompile Include="..\cinder_cocoslike\renderer\sprite_animation.cpp">
      <Filter>cinder_cocoslike\renderer</Filter>
    </ClCompile>
    <ClCompile Include="..\cinder_cocoslike\renderer\surface.cpp">
      <Filter>cinder_cocoslike\renderer</Filter>
    </ClCompile>
    <ClCompile Include="..\cinder_cocoslike\utility\collision.cpp">
      <Filter>cinder_cocoslike\utility</Filter>
    </ClCompile>
    <ClCompile Include="..\cinder_cocoslike\utility\recursion_usable_mutex.cpp">
      <Filter>cinder_cocoslike\utility</Filter>
    </ClCompile>
    <ClCompile Include="..\cinder_cocoslike\utility\scoped_mutex.cpp">
      <Filter>cinder_cocoslike\utility</Filter>
    </ClCompile>
    <ClCompile Include="..\cinder_cocoslike\utility\string_utility.cpp">
      <Filter>cinder_cocoslike\utility</Filter>
    </ClCompile>
    <ClCompile Include="..\cinder_cocoslike\utility\utf8.cpp">
      <Filter>cinder_cocoslike\utility</Filter>
    </ClCompile>
    <ClCompile Include="..\cinder_cocoslike\utility\write_file_on_destroyed.cpp">
      <Filter>cinder_cocoslike\utility</Filter>
    </ClCompile>
    <ClCompile Include="..\cinder_cocoslike\app_delegate.cpp">
      <Filter>cinder_cocoslike</Filter>
    </ClCompile>
    <ClCompile Include="..\cinder_cocoslike\node.cpp">
      <Filter>cinder_cocoslike</Filter>
    </ClCompile>
    <ClCompile Include="..\cinder_cocoslike\scene.cpp">
      <Filter>cinder_cocoslike</Filter>
    </ClCompile>
    <ClCompile Include="..\cinder_cocoslike\scene_manager.cpp">
      <Filter>cinder_cocoslike</Filter>
    </ClCompile>
    <ClCompile Include="..\cinder_cocoslike\user_default.cpp">
      <Filter>cinder_cocoslike</Filter>
    </ClCompile>
    <ClCompile Include="..\cinder_cocoslike\audio\base_player.cpp">
      <Filter>cinder_cocoslike\audio</Filter>
    </ClCompile>
    <ClCompile Include="..\cinder_cocoslike\audio\buffer_player.cpp">
      <Filter>cinder_cocoslike\audio</Filter>
    </ClCompile>
    <ClCompile Include="..\cinder_cocoslike\audio\file_player.cpp">
      <Filter>cinder_cocoslike\audio</Filter>
    </ClCompile>
  </ItemGroup>
  <ItemGroup>
    <ClInclude Include="..\include\Resources.h">
      <Filter>Include Files</Filter>
    </ClInclude>
    <ClInclude Include="..\cinder_cocoslike\action\action.h">
      <Filter>cinder_cocoslike\action</Filter>
    </ClInclude>
    <ClInclude Include="..\cinder_cocoslike\action\action_manager.h">
      <Filter>cinder_cocoslike\action</Filter>
    </ClInclude>
    <ClInclude Include="..\cinder_cocoslike\action\call_func.h">
      <Filter>cinder_cocoslike\action</Filter>
    </ClInclude>
    <ClInclude Include="..\cinder_cocoslike\action\delay.h">
      <Filter>cinder_cocoslike\action</Filter>
    </ClInclude>
    <ClInclude Include="..\cinder_cocoslike\action\ease.h">
      <Filter>cinder_cocoslike\action</Filter>
    </ClInclude>
    <ClInclude Include="..\cinder_cocoslike\action\fade_in.h">
      <Filter>cinder_cocoslike\action</Filter>
    </ClInclude>
    <ClInclude Include="..\cinder_cocoslike\action\fade_out.h">
      <Filter>cinder_cocoslike\action</Filter>
    </ClInclude>
    <ClInclude Include="..\cinder_cocoslike\action\finite_time_action.h">
      <Filter>cinder_cocoslike\action</Filter>
    </ClInclude>
    <ClInclude Include="..\cinder_cocoslike\action\float_to.h">
      <Filter>cinder_cocoslike\action</Filter>
    </ClInclude>
    <ClInclude Include="..\cinder_cocoslike\action\move_by.h">
      <Filter>cinder_cocoslike\action</Filter>
    </ClInclude>
    <ClInclude Include="..\cinder_cocoslike\action\move_to.h">
      <Filter>cinder_cocoslike\action</Filter>
    </ClInclude>
    <ClInclude Include="..\cinder_cocoslike\action\move_to_target.h">
      <Filter>cinder_cocoslike\action</Filter>
    </ClInclude>
    <ClInclude Include="..\cinder_cocoslike\action\remove_self.h">
      <Filter>cinder_cocoslike\action</Filter>
    </ClInclude>
    <ClInclude Include="..\cinder_cocoslike\action\repeat_forever.h">
      <Filter>cinder_cocoslike\action</Filter>
    </ClInclude>
    <ClInclude Include="..\cinder_cocoslike\action\repeat_times.h">
      <Filter>cinder_cocoslike\action</Filter>
    </ClInclude>
    <ClInclude Include="..\cinder_cocoslike\action\rotate_by.h">
      <Filter>cinder_cocoslike\action</Filter>
    </ClInclude>
    <ClInclude Include="..\cinder_cocoslike\action\rotate_to.h">
      <Filter>cinder_cocoslike\action</Filter>
    </ClInclude>
    <ClInclude Include="..\cinder_cocoslike\action\scale_by.h">
      <Filter>cinder_cocoslike\action</Filter>
    </ClInclude>
    <ClInclude Include="..\cinder_cocoslike\action\scale_to.h">
      <Filter>cinder_cocoslike\action</Filter>
    </ClInclude>
    <ClInclude Include="..\cinder_cocoslike\action\sequence.h">
      <Filter>cinder_cocoslike\action</Filter>
    </ClInclude>
    <ClInclude Include="..\cinder_cocoslike\action\spawn.h">
      <Filter>cinder_cocoslike\action</Filter>
    </ClInclude>
    <ClInclude Include="..\cinder_cocoslike\action\timeline.h">
      <Filter>cinder_cocoslike\action</Filter>
    </ClInclude>
    <ClInclude Include="..\cinder_cocoslike\audio\buffer_player.h">
      <Filter>cinder_cocoslike\audio</Filter>
    </ClInclude>
    <ClInclude Include="..\cinder_cocoslike\audio\file_player.h">
      <Filter>cinder_cocoslike\audio</Filter>
    </ClInclude>
    <ClInclude Include="..\cinder_cocoslike\library\font\fontstash.h">
      <Filter>cinder_cocoslike\library\font</Filter>
    </ClInclude>
    <ClInclude Include="..\cinder_cocoslike\library\font\stb_truetype.h">
      <Filter>cinder_cocoslike\library\font</Filter>
    </ClInclude>
    <ClInclude Include="..\cinder_cocoslike\network\client_handle.h">
      <Filter>cinder_cocoslike\network</Filter>
    </ClInclude>
    <ClInclude Include="..\cinder_cocoslike\network\network_factory.h">
      <Filter>cinder_cocoslike\network</Filter>
    </ClInclude>
    <ClInclude Include="..\cinder_cocoslike\network\network_object.h">
      <Filter>cinder_cocoslike\network</Filter>
    </ClInclude>
    <ClInclude Include="..\cinder_cocoslike\network\tcp_client.h">
      <Filter>cinder_cocoslike\network</Filter>
    </ClInclude>
    <ClInclude Include="..\cinder_cocoslike\network\tcp_server.h">
      <Filter>cinder_cocoslike\network</Filter>
    </ClInclude>
    <ClInclude Include="..\cinder_cocoslike\network\udp_connection.h">
      <Filter>cinder_cocoslike\network</Filter>
    </ClInclude>
    <ClInclude Include="..\cinder_cocoslike\network\udp_connection_member.h">
      <Filter>cinder_cocoslike\network</Filter>
    </ClInclude>
    <ClInclude Include="..\cinder_cocoslike\network\use_destroy_object.h">
      <Filter>cinder_cocoslike\network</Filter>
    </ClInclude>
    <ClInclude Include="..\cinder_cocoslike\renderer\button.h">
      <Filter>cinder_cocoslike\renderer</Filter>
    </ClInclude>
    <ClInclude Include="..\cinder_cocoslike\renderer\circle.h">
      <Filter>cinder_cocoslike\renderer</Filter>
    </ClInclude>
    <ClInclude Include="..\cinder_cocoslike\renderer\font\font.h">
      <Filter>cinder_cocoslike\renderer</Filter>
    </ClInclude>
    <ClInclude Include="..\cinder_cocoslike\renderer\label.h">
      <Filter>cinder_cocoslike\renderer</Filter>
    </ClInclude>
    <ClInclude Include="..\cinder_cocoslike\renderer\letter.h">
      <Filter>cinder_cocoslike\renderer</Filter>
    </ClInclude>
    <ClInclude Include="..\cinder_cocoslike\renderer\rect.h">
      <Filter>cinder_cocoslike\renderer</Filter>
    </ClInclude>
    <ClInclude Include="..\cinder_cocoslike\renderer\rect_edge.h">
      <Filter>cinder_cocoslike\renderer</Filter>
    </ClInclude>
    <ClInclude Include="..\cinder_cocoslike\renderer\sprite.h">
      <Filter>cinder_cocoslike\renderer</Filter>
    </ClInclude>
    <ClInclude Include="..\cinder_cocoslike\renderer\sprite_animation.h">
      <Filter>cinder_cocoslike\renderer</Filter>
    </ClInclude>
    <ClInclude Include="..\cinder_cocoslike\renderer\surface.h">
      <Filter>cinder_cocoslike\renderer</Filter>
    </ClInclude>
    <ClInclude Include="..\cinder_cocoslike\utility\assert_log.h">
      <Filter>cinder_cocoslike\utility</Filter>
    </ClInclude>
    <ClInclude Include="..\cinder_cocoslike\utility\collision.h">
      <Filter>cinder_cocoslike\utility</Filter>
    </ClInclude>
    <ClInclude Include="..\cinder_cocoslike\utility\recursion_usable_mutex.h">
      <Filter>cinder_cocoslike\utility</Filter>
    </ClInclude>
    <ClInclude Include="..\cinder_cocoslike\utility\scoped_mutex.h">
      <Filter>cinder_cocoslike\utility</Filter>
    </ClInclude>
    <ClInclude Include="..\cinder_cocoslike\utility\string_utility.h">
      <Filter>cinder_cocoslike\utility</Filter>
    </ClInclude>
    <ClInclude Include="..\cinder_cocoslike\utility\user_pointer.hpp">
      <Filter>cinder_cocoslike\utility</Filter>
    </ClInclude>
    <ClInclude Include="..\cinder_cocoslike\utility\utf8.h">
      <Filter>cinder_cocoslike\utility</Filter>
    </ClInclude>
    <ClInclude Include="..\cinder_cocoslike\utility\write_file_on_destroyed.h">
      <Filter>cinder_cocoslike\utility</Filter>
    </ClInclude>
    <ClInclude Include="..\cinder_cocoslike\action.hpp">
      <Filter>cinder_cocoslike</Filter>
    </ClInclude>
    <ClInclude Include="..\cinder_cocoslike\app_delegate.h">
      <Filter>cinder_cocoslike</Filter>
    </ClInclude>
    <ClInclude Include="..\cinder_cocoslike\audio.hpp">
      <Filter>cinder_cocoslike</Filter>
    </ClInclude>
    <ClInclude Include="..\cinder_cocoslike\forward.h">
      <Filter>cinder_cocoslike</Filter>
    </ClInclude>
    <ClInclude Include="..\cinder_cocoslike\network.hpp">
      <Filter>cinder_cocoslike</Filter>
    </ClInclude>
    <ClInclude Include="..\cinder_cocoslike\node.h">
      <Filter>cinder_cocoslike</Filter>
    </ClInclude>
    <ClInclude Include="..\cinder_cocoslike\renderer.hpp">
      <Filter>cinder_cocoslike</Filter>
    </ClInclude>
    <ClInclude Include="..\cinder_cocoslike\scene.h">
      <Filter>cinder_cocoslike</Filter>
    </ClInclude>
    <ClInclude Include="..\cinder_cocoslike\scene_manager.h">
      <Filter>cinder_cocoslike</Filter>
    </ClInclude>
    <ClInclude Include="..\cinder_cocoslike\user_default.h">
      <Filter>cinder_cocoslike</Filter>
    </ClInclude>
    <ClInclude Include="..\cinder_cocoslike\utility.hpp">
      <Filter>cinder_cocoslike</Filter>
    </ClInclude>
    <ClInclude Include="..\src\main.h">
      <Filter>User Files</Filter>
    </ClInclude>
    <ClInclude Include="..\cinder_cocoslike\cocoslike.hpp">
      <Filter>cinder_cocoslike</Filter>
    </ClInclude>
    <ClInclude Include="..\include\Resources.h">
      <Filter>Include Files</Filter>
    </ClInclude>
    <ClInclude Include="..\cinder_cocoslike\audio\base_player.h">
      <Filter>cinder_cocoslike\audio</Filter>
    </ClInclude>
  </ItemGroup>
  <ItemGroup>
    <ResourceCompile Include="Resources.rc">
      <Filter>Resource Files</Filter>
    </ResourceCompile>
  </ItemGroup>
  <ItemGroup>
    <ClCompile Include="..\src\user\game.cpp">
      <Filter>User Files\user</Filter>
    </ClCompile>
    <ClCompile Include="..\src\user\field.cpp">
      <Filter>User Files\user</Filter>
    </ClCompile>
    <ClCompile Include="..\src\user\controller.cpp">
      <Filter>User Files\user</Filter>
    </ClCompile>
    <ClCompile Include="..\src\user\feed.cpp">
      <Filter>User Files\user</Filter>
    </ClCompile>
    <ClCompile Include="..\src\user\ground.cpp">
      <Filter>User Files\user</Filter>
    </ClCompile>
    <ClCompile Include="..\src\user\feed_manager.cpp">
      <Filter>User Files\user</Filter>
    </ClCompile>
    <ClCompile Include="..\src\user\player.cpp">
      <Filter>User Files\user</Filter>
    </ClCompile>
    <ClCompile Include="..\src\user\player_manager.cpp">
      <Filter>User Files\user</Filter>
    </ClCompile>
    <ClCompile Include="..\src\user\captured_object.cpp">
      <Filter>User Files\user</Filter>
    </ClCompile>
    <ClCompile Include="..\src\user\meeting_room.cpp">
      <Filter>User Files\user</Filter>
    </ClCompile>
    <ClCompile Include="..\src\user\player_manager_host.cpp">
      <Filter>User Files\user</Filter>
    </ClCompile>
    <ClCompile Include="..\src\user\player_manager_client.cpp">
      <Filter>User Files\user</Filter>
    </ClCompile>
    <ClCompile Include="..\src\user\title.cpp">
      <Filter>User Files\user</Filter>
    </ClCompile>
    <ClCompile Include="..\src\user\button_scale.cpp">
      <Filter>User Files\user</Filter>
    </ClCompile>
    <ClCompile Include="..\src\user\gacha.cpp">
      <Filter>User Files\user</Filter>
    </ClCompile>
    <ClCompile Include="..\src\user\create_dot_obeject.cpp">
      <Filter>User Files\user</Filter>
    </ClCompile>
    <ClCompile Include="..\src\user\skin.cpp">
      <Filter>User Files\user</Filter>
    </ClCompile>
    <ClCompile Include="..\src\user\config.cpp">
      <Filter>User Files\user</Filter>
    </ClCompile>
    <ClCompile Include="..\src\user\dot_label.cpp">
      <Filter>User Files\user</Filter>
    </ClCompile>
    <ClCompile Include="..\src\user\dot_sprite.cpp">
      <Filter>User Files\user</Filter>
    </ClCompile>
    <ClCompile Include="..\src\user\search_room.cpp">
      <Filter>User Files\user</Filter>
    </ClCompile>
  </ItemGroup>
</Project>