<?xml version="1.0" encoding="utf-8"?>
<Project ToolsVersion="4.0" xmlns="http://schemas.microsoft.com/developer/msbuild/2003">
  <ItemGroup>
    <Filter Include="Source Files">
      <UniqueIdentifier>{4FC737F1-C7A5-4376-A066-2A32D752A2FF}</UniqueIdentifier>
      <Extensions>cpp;c;cc;cxx;def;odl;idl;hpj;bat;asm;asmx</Extensions>
    </Filter>
    <Filter Include="Header Files">
      <UniqueIdentifier>{93995380-89BD-4b04-88EB-625FBE52EBFB}</UniqueIdentifier>
      <Extensions>h;hpp;hxx;hm;inl;inc;xsd</Extensions>
    </Filter>
    <Filter Include="Resource Files">
      <UniqueIdentifier>{67DA6AB6-F800-4c08-8B7A-83BB121AAD01}</UniqueIdentifier>
      <Extensions>rc;ico;cur;bmp;dlg;rc2;rct;bin;rgs;gif;jpg;jpeg;jpe;resx;tiff;tif;png;wav</Extensions>
    </Filter>
    <Filter Include="Source Files\meeting">
      <UniqueIdentifier>{7f816fc0-cad9-4fa6-b778-6f428ae829de}</UniqueIdentifier>
    </Filter>
    <Filter Include="Source Files\network">
      <UniqueIdentifier>{d024d38e-57e9-4087-bc48-85713323c7b8}</UniqueIdentifier>
    </Filter>
    <Filter Include="Source Files\renderer">
      <UniqueIdentifier>{2ff79420-2004-4333-9938-55b8b2af6e06}</UniqueIdentifier>
    </Filter>
    <Filter Include="Source Files\action">
      <UniqueIdentifier>{73f383e2-960f-403c-b204-26e836964973}</UniqueIdentifier>
    </Filter>
  </ItemGroup>
  <ItemGroup>
    <ClInclude Include="..\include\Resources.h">
      <Filter>Header Files</Filter>
    </ClInclude>
    <ClCompile Include="..\src\main.cpp">
      <Filter>Source Files</Filter>
    </ClCompile>
    <ClInclude Include="..\src\meeting\room.h">
      <Filter>Source Files\meeting</Filter>
    </ClInclude>
    <ClInclude Include="..\src\node.h">
      <Filter>Source Files</Filter>
    </ClInclude>
    <ClInclude Include="..\src\app_delegate.h">
      <Filter>Source Files</Filter>
    </ClInclude>
    <ClInclude Include="..\src\utility.h">
      <Filter>Source Files</Filter>
    </ClInclude>
    <ClInclude Include="..\include\cocoslike.h">
      <Filter>Header Files</Filter>
    </ClInclude>
    <ClInclude Include="..\src\renderer\rect.h">
      <Filter>Source Files\renderer</Filter>
    </ClInclude>
    <ClInclude Include="..\src\renderer\button.h">
      <Filter>Source Files\renderer</Filter>
    </ClInclude>
    <ClInclude Include="..\src\renderer\sprite.h">
      <Filter>Source Files\renderer</Filter>
    </ClInclude>
    <ClInclude Include="..\src\action\action.h">
      <Filter>Source Files\action</Filter>
    </ClInclude>
    <ClInclude Include="..\src\action\action_manager.h">
      <Filter>Source Files\action</Filter>
    </ClInclude>
    <ClInclude Include="..\src\action\move_to.h">
      <Filter>Source Files\action</Filter>
    </ClInclude>
    <ClInclude Include="..\src\action\float_to.h">
      <Filter>Source Files\action</Filter>
    </ClInclude>
    <ClInclude Include="..\src\forward.h">
      <Filter>Source Files</Filter>
    </ClInclude>
    <ClInclude Include="..\src\action\finite_time_action.h">
      <Filter>Source Files\action</Filter>
    </ClInclude>
    <ClInclude Include="..\src\action\delay.h">
      <Filter>Source Files\action</Filter>
    </ClInclude>
    <ClInclude Include="..\src\action\remove_self.h">
      <Filter>Source Files\action</Filter>
    </ClInclude>
    <ClInclude Include="..\src\action\sequence.h">
      <Filter>Source Files\action</Filter>
    </ClInclude>
    <ClInclude Include="..\src\action\spawn.h">
      <Filter>Source Files\action</Filter>
    </ClInclude>
    <ClInclude Include="..\src\action\timeline.h">
      <Filter>Source Files\action</Filter>
    </ClInclude>
    <ClInclude Include="..\src\action\ease.h">
      <Filter>Source Files\action</Filter>
    </ClInclude>
    <ClInclude Include="..\src\renderer\renderers.h">
      <Filter>Source Files\renderer</Filter>
    </ClInclude>
    <ClInclude Include="..\src\action\actions.h">
      <Filter>Source Files\action</Filter>
    </ClInclude>
    <ClInclude Include="..\src\network\tcp_server.h">
      <Filter>Source Files\network</Filter>
    </ClInclude>
    <ClInclude Include="..\src\network\tcp_client.h">
      <Filter>Source Files\network</Filter>
    </ClInclude>
  </ItemGroup>
  <ItemGroup>
    <ClInclude Include="..\include\Resources.h">
      <Filter>Header Files</Filter>
    </ClInclude>
  </ItemGroup>
  <ItemGroup>
    <ResourceCompile Include="Resources.rc">
      <Filter>Resource Files</Filter>
    </ResourceCompile>
  </ItemGroup>
  <ItemGroup>
    <ClCompile Include="..\src\meeting\room.cpp">
      <Filter>Source Files\meeting</Filter>
    </ClCompile>
    <ClCompile Include="..\src\node.cpp">
      <Filter>Source Files</Filter>
    </ClCompile>
    <ClCompile Include="..\src\app_delegate.cpp">
      <Filter>Source Files</Filter>
    </ClCompile>
    <ClCompile Include="..\src\utility.cpp">
      <Filter>Source Files</Filter>
    </ClCompile>
    <ClCompile Include="..\src\renderer\rect.cpp">
      <Filter>Source Files\renderer</Filter>
    </ClCompile>
    <ClCompile Include="..\src\renderer\button.cpp">
      <Filter>Source Files\renderer</Filter>
    </ClCompile>
    <ClCompile Include="..\src\renderer\sprite.cpp">
      <Filter>Source Files\renderer</Filter>
    </ClCompile>
    <ClCompile Include="..\src\action\action.cpp">
      <Filter>Source Files\action</Filter>
    </ClCompile>
    <ClCompile Include="..\src\action\action_manager.cpp">
      <Filter>Source Files\action</Filter>
    </ClCompile>
    <ClCompile Include="..\src\action\move_to.cpp">
      <Filter>Source Files\action</Filter>
    </ClCompile>
    <ClCompile Include="..\src\action\float_to.cpp">
      <Filter>Source Files\action</Filter>
    </ClCompile>
    <ClCompile Include="..\src\action\finite_time_action.cpp">
      <Filter>Source Files\action</Filter>
    </ClCompile>
    <ClCompile Include="..\src\action\delay.cpp">
      <Filter>Source Files\action</Filter>
    </ClCompile>
    <ClCompile Include="..\src\action\remove_self.cpp">
      <Filter>Source Files\action</Filter>
    </ClCompile>
    <ClCompile Include="..\src\action\sequence.cpp">
      <Filter>Source Files\action</Filter>
    </ClCompile>
    <ClCompile Include="..\src\action\spawn.cpp">
      <Filter>Source Files\action</Filter>
    </ClCompile>
    <ClCompile Include="..\src\action\timeline.cpp">
      <Filter>Source Files\action</Filter>
    </ClCompile>
    <ClCompile Include="..\src\action\ease.cpp">
      <Filter>Source Files\action</Filter>
    </ClCompile>
    <ClCompile Include="..\src\network\tcp_server.cpp">
      <Filter>Source Files\network</Filter>
    </ClCompile>
    <ClCompile Include="..\src\network\tcp_client.cpp">
      <Filter>Source Files\network</Filter>
    </ClCompile>
  </ItemGroup>
</Project>