<?xml version="1.0" encoding="utf-8"?>
<Project ToolsVersion="4.0" xmlns="http://schemas.microsoft.com/developer/msbuild/2003">
  <ItemGroup>
    <Filter Include="Source Files">
      <UniqueIdentifier>{4FC737F1-C7A5-4376-A066-2A32D752A2FF}</UniqueIdentifier>
      <Extensions>cpp;c;cc;cxx;def;odl;idl;hpj;bat;asm;asmx</Extensions>
    </Filter>
    <Filter Include="Header Files">
      <UniqueIdentifier>{93995380-89BD-4b04-88EB-625FBE52EBFB}</UniqueIdentifier>
      <Extensions>h;hpp;hxx;hm;inl;inc;xsd</Extensions>
    </Filter>
    <Filter Include="Resource Files">
      <UniqueIdentifier>{67DA6AB6-F800-4c08-8B7A-83BB121AAD01}</UniqueIdentifier>
      <Extensions>rc;ico;cur;bmp;dlg;rc2;rct;bin;rgs;gif;jpg;jpeg;jpe;resx;tiff;tif;png;wav</Extensions>
    </Filter>
    <Filter Include="Source Files\meeting">
      <UniqueIdentifier>{7f816fc0-cad9-4fa6-b778-6f428ae829de}</UniqueIdentifier>
    </Filter>
    <Filter Include="Source Files\network">
      <UniqueIdentifier>{d024d38e-57e9-4087-bc48-85713323c7b8}</UniqueIdentifier>
    </Filter>
    <Filter Include="Source Files\renderer">
      <UniqueIdentifier>{2ff79420-2004-4333-9938-55b8b2af6e06}</UniqueIdentifier>
    </Filter>
    <Filter Include="Source Files\action">
      <UniqueIdentifier>{73f383e2-960f-403c-b204-26e836964973}</UniqueIdentifier>
    </Filter>
    <Filter Include="Source Files\lualib">
      <UniqueIdentifier>{7e660624-a177-47fc-8696-6bc66ce58848}</UniqueIdentifier>
    </Filter>
    <Filter Include="Source Files\utility">
      <UniqueIdentifier>{ddce2b48-5ad8-46ab-904c-1f5777ac9d2e}</UniqueIdentifier>
    </Filter>
    <Filter Include="Source Files\cinder">
      <UniqueIdentifier>{95da217f-eea7-463c-9e5d-dea5cb7f38b0}</UniqueIdentifier>
    </Filter>
  </ItemGroup>
  <ItemGroup>
    <ClInclude Include="..\include\Resources.h">
      <Filter>Header Files</Filter>
    </ClInclude>
    <ClCompile Include="..\src\main.cpp">
      <Filter>Source Files</Filter>
    </ClCompile>
    <ClInclude Include="..\src\meeting\room.h">
      <Filter>Source Files\meeting</Filter>
    </ClInclude>
    <ClInclude Include="..\src\node.h">
      <Filter>Source Files</Filter>
    </ClInclude>
    <ClInclude Include="..\src\app_delegate.h">
      <Filter>Source Files</Filter>
    </ClInclude>
    <ClInclude Include="..\include\cocoslike.h">
      <Filter>Header Files</Filter>
    </ClInclude>
    <ClInclude Include="..\src\renderer\rect.h">
      <Filter>Source Files\renderer</Filter>
    </ClInclude>
    <ClInclude Include="..\src\renderer\button.h">
      <Filter>Source Files\renderer</Filter>
    </ClInclude>
    <ClInclude Include="..\src\renderer\sprite.h">
      <Filter>Source Files\renderer</Filter>
    </ClInclude>
    <ClInclude Include="..\src\action\action.h">
      <Filter>Source Files\action</Filter>
    </ClInclude>
    <ClInclude Include="..\src\action\action_manager.h">
      <Filter>Source Files\action</Filter>
    </ClInclude>
    <ClInclude Include="..\src\action\move_to.h">
      <Filter>Source Files\action</Filter>
    </ClInclude>
    <ClInclude Include="..\src\action\float_to.h">
      <Filter>Source Files\action</Filter>
    </ClInclude>
    <ClInclude Include="..\src\forward.h">
      <Filter>Source Files</Filter>
    </ClInclude>
    <ClInclude Include="..\src\action\finite_time_action.h">
      <Filter>Source Files\action</Filter>
    </ClInclude>
    <ClInclude Include="..\src\action\delay.h">
      <Filter>Source Files\action</Filter>
    </ClInclude>
    <ClInclude Include="..\src\action\remove_self.h">
      <Filter>Source Files\action</Filter>
    </ClInclude>
    <ClInclude Include="..\src\action\sequence.h">
      <Filter>Source Files\action</Filter>
    </ClInclude>
    <ClInclude Include="..\src\action\spawn.h">
      <Filter>Source Files\action</Filter>
    </ClInclude>
    <ClInclude Include="..\src\action\timeline.h">
      <Filter>Source Files\action</Filter>
    </ClInclude>
    <ClInclude Include="..\src\action\ease.h">
      <Filter>Source Files\action</Filter>
    </ClInclude>
    <ClInclude Include="..\src\network\tcp_server.h">
      <Filter>Source Files\network</Filter>
    </ClInclude>
    <ClInclude Include="..\src\network\tcp_client.h">
      <Filter>Source Files\network</Filter>
    </ClInclude>
    <ClInclude Include="..\src\action\repeat_forever.h">
      <Filter>Source Files\action</Filter>
    </ClInclude>
    <ClInclude Include="..\include\sol.hpp">
      <Filter>Header Files</Filter>
    </ClInclude>
    <ClInclude Include="..\src\lualib\lapi.h">
      <Filter>Source Files\lualib</Filter>
    </ClInclude>
    <ClInclude Include="..\src\lualib\lauxlib.h">
      <Filter>Source Files\lualib</Filter>
    </ClInclude>
    <ClInclude Include="..\src\lualib\lcode.h">
      <Filter>Source Files\lualib</Filter>
    </ClInclude>
    <ClInclude Include="..\src\lualib\lctype.h">
      <Filter>Source Files\lualib</Filter>
    </ClInclude>
    <ClInclude Include="..\src\lualib\ldebug.h">
      <Filter>Source Files\lualib</Filter>
    </ClInclude>
    <ClInclude Include="..\src\lualib\ldo.h">
      <Filter>Source Files\lualib</Filter>
    </ClInclude>
    <ClInclude Include="..\src\lualib\lfunc.h">
      <Filter>Source Files\lualib</Filter>
    </ClInclude>
    <ClInclude Include="..\src\lualib\lgc.h">
      <Filter>Source Files\lualib</Filter>
    </ClInclude>
    <ClInclude Include="..\src\lualib\llex.h">
      <Filter>Source Files\lualib</Filter>
    </ClInclude>
    <ClInclude Include="..\src\lualib\llimits.h">
      <Filter>Source Files\lualib</Filter>
    </ClInclude>
    <ClInclude Include="..\src\lualib\lmem.h">
      <Filter>Source Files\lualib</Filter>
    </ClInclude>
    <ClInclude Include="..\src\lualib\lobject.h">
      <Filter>Source Files\lualib</Filter>
    </ClInclude>
    <ClInclude Include="..\src\lualib\lopcodes.h">
      <Filter>Source Files\lualib</Filter>
    </ClInclude>
    <ClInclude Include="..\src\lualib\lparser.h">
      <Filter>Source Files\lualib</Filter>
    </ClInclude>
    <ClInclude Include="..\src\lualib\lprefix.h">
      <Filter>Source Files\lualib</Filter>
    </ClInclude>
    <ClInclude Include="..\src\lualib\lstate.h">
      <Filter>Source Files\lualib</Filter>
    </ClInclude>
    <ClInclude Include="..\src\lualib\lstring.h">
      <Filter>Source Files\lualib</Filter>
    </ClInclude>
    <ClInclude Include="..\src\lualib\ltable.h">
      <Filter>Source Files\lualib</Filter>
    </ClInclude>
    <ClInclude Include="..\src\lualib\ltm.h">
      <Filter>Source Files\lualib</Filter>
    </ClInclude>
    <ClInclude Include="..\src\lualib\lua.h">
      <Filter>Source Files\lualib</Filter>
    </ClInclude>
    <ClInclude Include="..\src\lualib\lua.hpp">
      <Filter>Source Files\lualib</Filter>
    </ClInclude>
    <ClInclude Include="..\src\lualib\luaconf.h">
      <Filter>Source Files\lualib</Filter>
    </ClInclude>
    <ClInclude Include="..\src\lualib\lualib.h">
      <Filter>Source Files\lualib</Filter>
    </ClInclude>
    <ClInclude Include="..\src\lualib\lundump.h">
      <Filter>Source Files\lualib</Filter>
    </ClInclude>
    <ClInclude Include="..\src\lualib\lvm.h">
      <Filter>Source Files\lualib</Filter>
    </ClInclude>
    <ClInclude Include="..\src\lualib\lzio.h">
      <Filter>Source Files\lualib</Filter>
    </ClInclude>
    <ClInclude Include="..\include\lua_define.h">
      <Filter>Header Files</Filter>
    </ClInclude>
    <ClInclude Include="..\include\lua_undef.h">
      <Filter>Header Files</Filter>
    </ClInclude>
    <ClInclude Include="..\src\action\action.hpp">
      <Filter>Source Files\action</Filter>
    </ClInclude>
    <ClInclude Include="..\src\renderer\renderer.hpp">
      <Filter>Source Files\renderer</Filter>
    </ClInclude>
    <ClInclude Include="..\src\renderer\label.h">
      <Filter>Source Files\renderer</Filter>
    </ClInclude>
    <ClInclude Include="..\src\renderer\letter.h">
      <Filter>Source Files\renderer</Filter>
    </ClInclude>
    <ClInclude Include="..\src\utility\utf8.h">
      <Filter>Source Files\utility</Filter>
    </ClInclude>
    <ClInclude Include="..\src\utility\assert_log.h">
      <Filter>Source Files\utility</Filter>
    </ClInclude>
    <ClInclude Include="..\src\utility\collision.h">
      <Filter>Source Files\utility</Filter>
    </ClInclude>
    <ClInclude Include="..\src\utility\string_utility.h">
      <Filter>Source Files\utility</Filter>
    </ClInclude>
    <ClInclude Include="..\src\utility\lua_setup_all.h">
      <Filter>Source Files\utility</Filter>
    </ClInclude>
    <ClInclude Include="..\src\cinder\cinder.hpp">
      <Filter>Source Files\cinder</Filter>
    </ClInclude>
    <ClInclude Include="..\src\action\call_func.h">
      <Filter>Source Files\action</Filter>
    </ClInclude>
    <ClInclude Include="..\src\action\move_by.h">
      <Filter>Source Files\action</Filter>
    </ClInclude>
    <ClInclude Include="..\src\action\scale_to.h">
      <Filter>Source Files\action</Filter>
    </ClInclude>
    <ClInclude Include="..\src\action\scale_by.h">
      <Filter>Source Files\action</Filter>
    </ClInclude>
    <ClInclude Include="..\src\action\rotate_to.h">
      <Filter>Source Files\action</Filter>
    </ClInclude>
    <ClInclude Include="..\src\action\rotate_by.h">
      <Filter>Source Files\action</Filter>
    </ClInclude>
    <ClInclude Include="..\src\action\repeat_times.h">
      <Filter>Source Files\action</Filter>
    </ClInclude>
    <ClInclude Include="..\src\network\network.hpp">
      <Filter>Source Files\network</Filter>
    </ClInclude>
    <ClInclude Include="..\src\network\client_handle.h">
      <Filter>Source Files\network</Filter>
    </ClInclude>
  </ItemGroup>
  <ItemGroup>
    <ClInclude Include="..\include\Resources.h">
      <Filter>Header Files</Filter>
    </ClInclude>
  </ItemGroup>
  <ItemGroup>
    <ResourceCompile Include="Resources.rc">
      <Filter>Resource Files</Filter>
    </ResourceCompile>
  </ItemGroup>
  <ItemGroup>
    <ClCompile Include="..\src\meeting\room.cpp">
      <Filter>Source Files\meeting</Filter>
    </ClCompile>
    <ClCompile Include="..\src\node.cpp">
      <Filter>Source Files</Filter>
    </ClCompile>
    <ClCompile Include="..\src\app_delegate.cpp">
      <Filter>Source Files</Filter>
    </ClCompile>
    <ClCompile Include="..\src\renderer\rect.cpp">
      <Filter>Source Files\renderer</Filter>
    </ClCompile>
    <ClCompile Include="..\src\renderer\button.cpp">
      <Filter>Source Files\renderer</Filter>
    </ClCompile>
    <ClCompile Include="..\src\renderer\sprite.cpp">
      <Filter>Source Files\renderer</Filter>
    </ClCompile>
    <ClCompile Include="..\src\action\action.cpp">
      <Filter>Source Files\action</Filter>
    </ClCompile>
    <ClCompile Include="..\src\action\action_manager.cpp">
      <Filter>Source Files\action</Filter>
    </ClCompile>
    <ClCompile Include="..\src\action\move_to.cpp">
      <Filter>Source Files\action</Filter>
    </ClCompile>
    <ClCompile Include="..\src\action\float_to.cpp">
      <Filter>Source Files\action</Filter>
    </ClCompile>
    <ClCompile Include="..\src\action\finite_time_action.cpp">
      <Filter>Source Files\action</Filter>
    </ClCompile>
    <ClCompile Include="..\src\action\delay.cpp">
      <Filter>Source Files\action</Filter>
    </ClCompile>
    <ClCompile Include="..\src\action\remove_self.cpp">
      <Filter>Source Files\action</Filter>
    </ClCompile>
    <ClCompile Include="..\src\action\sequence.cpp">
      <Filter>Source Files\action</Filter>
    </ClCompile>
    <ClCompile Include="..\src\action\spawn.cpp">
      <Filter>Source Files\action</Filter>
    </ClCompile>
    <ClCompile Include="..\src\action\timeline.cpp">
      <Filter>Source Files\action</Filter>
    </ClCompile>
    <ClCompile Include="..\src\action\ease.cpp">
      <Filter>Source Files\action</Filter>
    </ClCompile>
    <ClCompile Include="..\src\network\tcp_server.cpp">
      <Filter>Source Files\network</Filter>
    </ClCompile>
    <ClCompile Include="..\src\network\tcp_client.cpp">
      <Filter>Source Files\network</Filter>
    </ClCompile>
    <ClCompile Include="..\src\action\repeat_forever.cpp">
      <Filter>Source Files\action</Filter>
    </ClCompile>
    <ClCompile Include="..\src\lualib\lapi.c">
      <Filter>Source Files\lualib</Filter>
    </ClCompile>
    <ClCompile Include="..\src\lualib\lauxlib.c">
      <Filter>Source Files\lualib</Filter>
    </ClCompile>
    <ClCompile Include="..\src\lualib\lbaselib.c">
      <Filter>Source Files\lualib</Filter>
    </ClCompile>
    <ClCompile Include="..\src\lualib\lbitlib.c">
      <Filter>Source Files\lualib</Filter>
    </ClCompile>
    <ClCompile Include="..\src\lualib\lcode.c">
      <Filter>Source Files\lualib</Filter>
    </ClCompile>
    <ClCompile Include="..\src\lualib\lcorolib.c">
      <Filter>Source Files\lualib</Filter>
    </ClCompile>
    <ClCompile Include="..\src\lualib\lctype.c">
      <Filter>Source Files\lualib</Filter>
    </ClCompile>
    <ClCompile Include="..\src\lualib\ldblib.c">
      <Filter>Source Files\lualib</Filter>
    </ClCompile>
    <ClCompile Include="..\src\lualib\ldebug.c">
      <Filter>Source Files\lualib</Filter>
    </ClCompile>
    <ClCompile Include="..\src\lualib\ldo.c">
      <Filter>Source Files\lualib</Filter>
    </ClCompile>
    <ClCompile Include="..\src\lualib\ldump.c">
      <Filter>Source Files\lualib</Filter>
    </ClCompile>
    <ClCompile Include="..\src\lualib\lfunc.c">
      <Filter>Source Files\lualib</Filter>
    </ClCompile>
    <ClCompile Include="..\src\lualib\lgc.c">
      <Filter>Source Files\lualib</Filter>
    </ClCompile>
    <ClCompile Include="..\src\lualib\linit.c">
      <Filter>Source Files\lualib</Filter>
    </ClCompile>
    <ClCompile Include="..\src\lualib\liolib.c">
      <Filter>Source Files\lualib</Filter>
    </ClCompile>
    <ClCompile Include="..\src\lualib\llex.c">
      <Filter>Source Files\lualib</Filter>
    </ClCompile>
    <ClCompile Include="..\src\lualib\lmathlib.c">
      <Filter>Source Files\lualib</Filter>
    </ClCompile>
    <ClCompile Include="..\src\lualib\lmem.c">
      <Filter>Source Files\lualib</Filter>
    </ClCompile>
    <ClCompile Include="..\src\lualib\loadlib.c">
      <Filter>Source Files\lualib</Filter>
    </ClCompile>
    <ClCompile Include="..\src\lualib\lobject.c">
      <Filter>Source Files\lualib</Filter>
    </ClCompile>
    <ClCompile Include="..\src\lualib\lopcodes.c">
      <Filter>Source Files\lualib</Filter>
    </ClCompile>
    <ClCompile Include="..\src\lualib\loslib.c">
      <Filter>Source Files\lualib</Filter>
    </ClCompile>
    <ClCompile Include="..\src\lualib\lparser.c">
      <Filter>Source Files\lualib</Filter>
    </ClCompile>
    <ClCompile Include="..\src\lualib\lstate.c">
      <Filter>Source Files\lualib</Filter>
    </ClCompile>
    <ClCompile Include="..\src\lualib\lstring.c">
      <Filter>Source Files\lualib</Filter>
    </ClCompile>
    <ClCompile Include="..\src\lualib\lstrlib.c">
      <Filter>Source Files\lualib</Filter>
    </ClCompile>
    <ClCompile Include="..\src\lualib\ltable.c">
      <Filter>Source Files\lualib</Filter>
    </ClCompile>
    <ClCompile Include="..\src\lualib\ltablib.c">
      <Filter>Source Files\lualib</Filter>
    </ClCompile>
    <ClCompile Include="..\src\lualib\ltm.c">
      <Filter>Source Files\lualib</Filter>
    </ClCompile>
    <ClCompile Include="..\src\lualib\lua.c">
      <Filter>Source Files\lualib</Filter>
    </ClCompile>
    <ClCompile Include="..\src\lualib\luac.c">
      <Filter>Source Files\lualib</Filter>
    </ClCompile>
    <ClCompile Include="..\src\lualib\lundump.c">
      <Filter>Source Files\lualib</Filter>
    </ClCompile>
    <ClCompile Include="..\src\lualib\lutf8lib.c">
      <Filter>Source Files\lualib</Filter>
    </ClCompile>
    <ClCompile Include="..\src\lualib\lvm.c">
      <Filter>Source Files\lualib</Filter>
    </ClCompile>
    <ClCompile Include="..\src\lualib\lzio.c">
      <Filter>Source Files\lualib</Filter>
    </ClCompile>
    <ClCompile Include="..\src\renderer\label.cpp">
      <Filter>Source Files\renderer</Filter>
    </ClCompile>
    <ClCompile Include="..\src\renderer\letter.cpp">
      <Filter>Source Files\renderer</Filter>
    </ClCompile>
    <ClCompile Include="..\src\utility\utf8.cpp">
      <Filter>Source Files\utility</Filter>
    </ClCompile>
    <ClCompile Include="..\src\utility\collision.cpp">
      <Filter>Source Files\utility</Filter>
    </ClCompile>
    <ClCompile Include="..\src\utility\string_utility.cpp">
      <Filter>Source Files\utility</Filter>
    </ClCompile>
    <ClCompile Include="..\src\utility\lua_setup_all.cpp">
      <Filter>Source Files\utility</Filter>
    </ClCompile>
    <ClCompile Include="..\src\cinder\cinder.cpp">
      <Filter>Source Files\cinder</Filter>
    </ClCompile>
    <ClCompile Include="..\src\action\call_func.cpp">
      <Filter>Source Files\action</Filter>
    </ClCompile>
    <ClCompile Include="..\src\action\move_by.cpp">
      <Filter>Source Files\action</Filter>
    </ClCompile>
    <ClCompile Include="..\src\action\scale_to.cpp">
      <Filter>Source Files\action</Filter>
    </ClCompile>
    <ClCompile Include="..\src\action\scale_by.cpp">
      <Filter>Source Files\action</Filter>
    </ClCompile>
    <ClCompile Include="..\src\action\rotate_to.cpp">
      <Filter>Source Files\action</Filter>
    </ClCompile>
    <ClCompile Include="..\src\action\rotate_by.cpp">
      <Filter>Source Files\action</Filter>
    </ClCompile>
    <ClCompile Include="..\src\action\repeat_times.cpp">
      <Filter>Source Files\action</Filter>
    </ClCompile>
    <ClCompile Include="..\src\network\network.cpp">
      <Filter>Source Files\network</Filter>
    </ClCompile>
    <ClCompile Include="..\src\network\client_handle.cpp">
      <Filter>Source Files\network</Filter>
    </ClCompile>
  </ItemGroup>
</Project>